
Microsoft Visual Studio Solution File, Format Version 12.00
# Visual Studio Version 17
VisualStudioVersion = 17.3.32825.248
MinimumVisualStudioVersion = 10.0.40219.1
Project("{8BC9CEB8-8B4A-11D0-8D11-00A0C91BC942}") = "named_tuple", "named_tuple\named_tuple.vcxproj", "{699AB1AC-7914-4CC1-B593-25DC0A02A439}"
EndProject
Global
	GlobalSection(SolutionConfigurationPlatforms) = preSolution
		Debug|x64 = Debug|x64
		Debug|x86 = Debug|x86
		Release|x64 = Release|x64
		Release|x86 = Release|x86
	EndGlobalSection
	GlobalSection(ProjectConfigurationPlatforms) = postSolution
		{699AB1AC-7914-4CC1-B593-25DC0A02A439}.Debug|x64.ActiveCfg = Debug|x64
		{699AB1AC-7914-4CC1-B593-25DC0A02A439}.Debug|x64.Build.0 = Debug|x64
		{699AB1AC-7914-4CC1-B593-25DC0A02A439}.Debug|x86.ActiveCfg = Debug|Win32
		{699AB1AC-7914-4CC1-B593-25DC0A02A439}.Debug|x86.Build.0 = Debug|Win32
		{699AB1AC-7914-4CC1-B593-25DC0A02A439}.Release|x64.ActiveCfg = Release|x64
		{699AB1AC-7914-4CC1-B593-25DC0A02A439}.Release|x64.Build.0 = Release|x64
		{699AB1AC-7914-4CC1-B593-25DC0A02A439}.Release|x86.ActiveCfg = Release|Win32
		{699AB1AC-7914-4CC1-B593-25DC0A02A439}.Release|x86.Build.0 = Release|Win32
	EndGlobalSection
	GlobalSection(SolutionProperties) = preSolution
		HideSolutionNode = FALSE
	EndGlobalSection
	GlobalSection(ExtensibilityGlobals) = postSolution
		SolutionGuid = {B4108E54-D0B1-41C7-BD33-8966526A6BA9}
	EndGlobalSection
EndGlobal
